
Microsoft Visual Studio Solution File, Format Version 12.00
# Visual Studio 15
VisualStudioVersion = 15.0.28307.168
MinimumVisualStudioVersion = 10.0.40219.1
Project("{2150E333-8FDC-42A3-9474-1A3956D46DE8}") = "Solution Items", "Solution Items", "{C8F0918F-9492-4895-897E-1B229EFDDB57}"
	ProjectSection(SolutionItems) = preProject
		Readme.txt = Readme.txt
	EndProjectSection
EndProject
Project("{FAE04EC0-301F-11D3-BF4B-00C04F79EFBC}") = "HbaerinOlsun.WEBUI", "HbaerinOlsun.WEBUI\HbaerinOlsun.WEBUI.csproj", "{3A04FF8C-133D-487B-A81B-D77DA51E0086}"
EndProject
Project("{FAE04EC0-301F-11D3-BF4B-00C04F79EFBC}") = "HaberinOlsun.BLL", "HaberinOlsun.BLL\HaberinOlsun.BLL.csproj", "{9194A96C-73E7-44E7-8A66-3F0B7CC5F106}"
EndProject
Project("{FAE04EC0-301F-11D3-BF4B-00C04F79EFBC}") = "HaberinOlsun.DAL", "HaberinOlsun.DAL\HaberinOlsun.DAL.csproj", "{94E72FDC-FE8F-4B86-89F0-29C5A745E0D0}"
EndProject
Project("{FAE04EC0-301F-11D3-BF4B-00C04F79EFBC}") = "HaberinOlsun.Entity", "HaberinOlsun.Entity\HaberinOlsun.Entity.csproj", "{EA72B4A2-B6D3-491C-9E8B-699991C5321A}"
EndProject
Global
	GlobalSection(SolutionConfigurationPlatforms) = preSolution
		Debug|Any CPU = Debug|Any CPU
		Release|Any CPU = Release|Any CPU
	EndGlobalSection
	GlobalSection(ProjectConfigurationPlatforms) = postSolution
		{3A04FF8C-133D-487B-A81B-D77DA51E0086}.Debug|Any CPU.ActiveCfg = Debug|Any CPU
		{3A04FF8C-133D-487B-A81B-D77DA51E0086}.Debug|Any CPU.Build.0 = Debug|Any CPU
		{3A04FF8C-133D-487B-A81B-D77DA51E0086}.Release|Any CPU.ActiveCfg = Release|Any CPU
		{3A04FF8C-133D-487B-A81B-D77DA51E0086}.Release|Any CPU.Build.0 = Release|Any CPU
		{9194A96C-73E7-44E7-8A66-3F0B7CC5F106}.Debug|Any CPU.ActiveCfg = Debug|Any CPU
		{9194A96C-73E7-44E7-8A66-3F0B7CC5F106}.Debug|Any CPU.Build.0 = Debug|Any CPU
		{9194A96C-73E7-44E7-8A66-3F0B7CC5F106}.Release|Any CPU.ActiveCfg = Release|Any CPU
		{9194A96C-73E7-44E7-8A66-3F0B7CC5F106}.Release|Any CPU.Build.0 = Release|Any CPU
		{94E72FDC-FE8F-4B86-89F0-29C5A745E0D0}.Debug|Any CPU.ActiveCfg = Debug|Any CPU
		{94E72FDC-FE8F-4B86-89F0-29C5A745E0D0}.Debug|Any CPU.Build.0 = Debug|Any CPU
		{94E72FDC-FE8F-4B86-89F0-29C5A745E0D0}.Release|Any CPU.ActiveCfg = Release|Any CPU
		{94E72FDC-FE8F-4B86-89F0-29C5A745E0D0}.Release|Any CPU.Build.0 = Release|Any CPU
		{EA72B4A2-B6D3-491C-9E8B-699991C5321A}.Debug|Any CPU.ActiveCfg = Debug|Any CPU
		{EA72B4A2-B6D3-491C-9E8B-699991C5321A}.Debug|Any CPU.Build.0 = Debug|Any CPU
		{EA72B4A2-B6D3-491C-9E8B-699991C5321A}.Release|Any CPU.ActiveCfg = Release|Any CPU
		{EA72B4A2-B6D3-491C-9E8B-699991C5321A}.Release|Any CPU.Build.0 = Release|Any CPU
	EndGlobalSection
	GlobalSection(SolutionProperties) = preSolution
		HideSolutionNode = FALSE
	EndGlobalSection
	GlobalSection(ExtensibilityGlobals) = postSolution
		SolutionGuid = {7DC1476A-F4BC-4D3B-B99A-C76EEAB7F754}
	EndGlobalSection
EndGlobal
