
Microsoft Visual Studio Solution File, Format Version 12.00
# Visual Studio 15
VisualStudioVersion = 15.0.28307.168
MinimumVisualStudioVersion = 10.0.40219.1
Project("{2150E333-8FDC-42A3-9474-1A3956D46DE8}") = "Solution Items", "Solution Items", "{C8F0918F-9492-4895-897E-1B229EFDDB57}"
	ProjectSection(SolutionItems) = preProject
		DataBase.txt = DataBase.txt
		Readme.txt = Readme.txt
	EndProjectSection
EndProject
Project("{FAE04EC0-301F-11D3-BF4B-00C04F79EFBC}") = "HaberinOlsun.WEBUI", "HaberinOlsun.WEBUI\HaberinOlsun.WEBUI.csproj", "{D85006CC-9887-408B-AFC9-18A1B44CA4E2}"
EndProject
Project("{FAE04EC0-301F-11D3-BF4B-00C04F79EFBC}") = "HaberinOlsun.BLL", "HaberinOlsun.BLL\HaberinOlsun.BLL.csproj", "{6B061F87-1647-47A9-91E4-55186701B49D}"
EndProject
Project("{FAE04EC0-301F-11D3-BF4B-00C04F79EFBC}") = "HaberinOlsun.DAL", "HaberinOlsun.DAL\HaberinOlsun.DAL.csproj", "{7FBE78E0-00B9-4BBB-8643-8D280E93815E}"
EndProject
Project("{FAE04EC0-301F-11D3-BF4B-00C04F79EFBC}") = "HaberinOlsun.Entity", "HaberinOlsun.Entity\HaberinOlsun.Entity.csproj", "{59AC782B-A97D-42A9-BD24-DD738695A264}"
EndProject
Global
	GlobalSection(SolutionConfigurationPlatforms) = preSolution
		Debug|Any CPU = Debug|Any CPU
		Release|Any CPU = Release|Any CPU
	EndGlobalSection
	GlobalSection(ProjectConfigurationPlatforms) = postSolution
		{D85006CC-9887-408B-AFC9-18A1B44CA4E2}.Debug|Any CPU.ActiveCfg = Debug|Any CPU
		{D85006CC-9887-408B-AFC9-18A1B44CA4E2}.Debug|Any CPU.Build.0 = Debug|Any CPU
		{D85006CC-9887-408B-AFC9-18A1B44CA4E2}.Release|Any CPU.ActiveCfg = Release|Any CPU
		{D85006CC-9887-408B-AFC9-18A1B44CA4E2}.Release|Any CPU.Build.0 = Release|Any CPU
		{6B061F87-1647-47A9-91E4-55186701B49D}.Debug|Any CPU.ActiveCfg = Debug|Any CPU
		{6B061F87-1647-47A9-91E4-55186701B49D}.Debug|Any CPU.Build.0 = Debug|Any CPU
		{6B061F87-1647-47A9-91E4-55186701B49D}.Release|Any CPU.ActiveCfg = Release|Any CPU
		{6B061F87-1647-47A9-91E4-55186701B49D}.Release|Any CPU.Build.0 = Release|Any CPU
		{7FBE78E0-00B9-4BBB-8643-8D280E93815E}.Debug|Any CPU.ActiveCfg = Debug|Any CPU
		{7FBE78E0-00B9-4BBB-8643-8D280E93815E}.Debug|Any CPU.Build.0 = Debug|Any CPU
		{7FBE78E0-00B9-4BBB-8643-8D280E93815E}.Release|Any CPU.ActiveCfg = Release|Any CPU
		{7FBE78E0-00B9-4BBB-8643-8D280E93815E}.Release|Any CPU.Build.0 = Release|Any CPU
		{59AC782B-A97D-42A9-BD24-DD738695A264}.Debug|Any CPU.ActiveCfg = Debug|Any CPU
		{59AC782B-A97D-42A9-BD24-DD738695A264}.Debug|Any CPU.Build.0 = Debug|Any CPU
		{59AC782B-A97D-42A9-BD24-DD738695A264}.Release|Any CPU.ActiveCfg = Release|Any CPU
		{59AC782B-A97D-42A9-BD24-DD738695A264}.Release|Any CPU.Build.0 = Release|Any CPU
	EndGlobalSection
	GlobalSection(SolutionProperties) = preSolution
		HideSolutionNode = FALSE
	EndGlobalSection
	GlobalSection(ExtensibilityGlobals) = postSolution
		SolutionGuid = {7DC1476A-F4BC-4D3B-B99A-C76EEAB7F754}
	EndGlobalSection
EndGlobal
